
Microsoft Visual Studio Solution File, Format Version 12.00
# Visual Studio Version 17
VisualStudioVersion = 17.4.33403.182
MinimumVisualStudioVersion = 10.0.40219.1
Project("{FAE04EC0-301F-11D3-BF4B-00C04F79EFBC}") = "Main", "Main\Main.csproj", "{2E988CF5-36AC-46EA-B65A-4E01E8F9E38F}"
EndProject
Project("{FAE04EC0-301F-11D3-BF4B-00C04F79EFBC}") = "Tests", "..\Tests\Tests.csproj", "{EDE8BF30-6CE2-4CBD-BBCE-5687598A2B9D}"
EndProject
Global
	GlobalSection(SolutionConfigurationPlatforms) = preSolution
		Debug|Any CPU = Debug|Any CPU
		Release|Any CPU = Release|Any CPU
	EndGlobalSection
	GlobalSection(ProjectConfigurationPlatforms) = postSolution
		{2E988CF5-36AC-46EA-B65A-4E01E8F9E38F}.Debug|Any CPU.ActiveCfg = Debug|Any CPU
		{2E988CF5-36AC-46EA-B65A-4E01E8F9E38F}.Debug|Any CPU.Build.0 = Debug|Any CPU
		{2E988CF5-36AC-46EA-B65A-4E01E8F9E38F}.Release|Any CPU.ActiveCfg = Release|Any CPU
		{2E988CF5-36AC-46EA-B65A-4E01E8F9E38F}.Release|Any CPU.Build.0 = Release|Any CPU
		{EDE8BF30-6CE2-4CBD-BBCE-5687598A2B9D}.Debug|Any CPU.ActiveCfg = Debug|Any CPU
		{EDE8BF30-6CE2-4CBD-BBCE-5687598A2B9D}.Debug|Any CPU.Build.0 = Debug|Any CPU
		{EDE8BF30-6CE2-4CBD-BBCE-5687598A2B9D}.Release|Any CPU.ActiveCfg = Release|Any CPU
		{EDE8BF30-6CE2-4CBD-BBCE-5687598A2B9D}.Release|Any CPU.Build.0 = Release|Any CPU
	EndGlobalSection
	GlobalSection(SolutionProperties) = preSolution
		HideSolutionNode = FALSE
	EndGlobalSection
	GlobalSection(ExtensibilityGlobals) = postSolution
		SolutionGuid = {91EB935C-C1A2-46DF-B94C-564CF42D24E5}
	EndGlobalSection
EndGlobal
